<?xml version="1.0" encoding="utf-8"?>
<Project ToolsVersion="4.0" xmlns="http://schemas.microsoft.com/developer/msbuild/2003">
  <ItemGroup>
    <Filter Include="Source Files">
      <UniqueIdentifier>{4FC737F1-C7A5-4376-A066-2A32D752A2FF}</UniqueIdentifier>
      <Extensions>cpp;c;cc;cxx;def;odl;idl;hpj;bat;asm;asmx</Extensions>
    </Filter>
    <Filter Include="Header Files">
      <UniqueIdentifier>{93995380-89BD-4b04-88EB-625FBE52EBFB}</UniqueIdentifier>
      <Extensions>h;hh;hpp;hxx;hm;inl;inc;ipp;xsd</Extensions>
    </Filter>
    <Filter Include="Resource Files">
      <UniqueIdentifier>{67DA6AB6-F800-4c08-8B7A-83BB121AAD01}</UniqueIdentifier>
      <Extensions>rc;ico;cur;bmp;dlg;rc2;rct;bin;rgs;gif;jpg;jpeg;jpe;resx;tiff;tif;png;wav;mfcribbon-ms</Extensions>
    </Filter>
    <Filter Include="Header Files\Objects 2D">
      <UniqueIdentifier>{b7a312e2-a0a5-46d8-a3cd-ad999d5e135a}</UniqueIdentifier>
    </Filter>
    <Filter Include="Source Files\Objects 2D">
      <UniqueIdentifier>{aa3e7944-0314-489f-8cfb-ea5d05a03f89}</UniqueIdentifier>
    </Filter>
    <Filter Include="Header Files\Objects 3D">
      <UniqueIdentifier>{b3682008-8759-4546-9a51-61405f23201c}</UniqueIdentifier>
    </Filter>
    <Filter Include="Source Files\Objects 3D">
      <UniqueIdentifier>{81aff442-035d-4a71-ad9c-734565770b61}</UniqueIdentifier>
    </Filter>
    <Filter Include="Header Files\Objects 3D\Components">
      <UniqueIdentifier>{9a534696-bdda-48d3-8bdb-e9616a5f08ae}</UniqueIdentifier>
    </Filter>
    <Filter Include="Source Files\Objects 3D\Components">
      <UniqueIdentifier>{6c3db7be-475d-4eb8-8d51-f68b82e005ae}</UniqueIdentifier>
    </Filter>
    <Filter Include="_Shaders">
      <UniqueIdentifier>{9ebbdb0e-ec51-4f63-a650-e9d5b26e346f}</UniqueIdentifier>
    </Filter>
    <Filter Include="Header Files\AssetManagers">
      <UniqueIdentifier>{0f9bc784-5cfe-40c1-a951-2a32b5d1e4d7}</UniqueIdentifier>
    </Filter>
    <Filter Include="Source Files\AssetManagers">
      <UniqueIdentifier>{8aef664a-02f9-401a-9a6a-c1843b1e9d06}</UniqueIdentifier>
    </Filter>
    <Filter Include="_Shaders\GLES">
      <UniqueIdentifier>{18ea5d19-9671-453e-9f8d-167210f620aa}</UniqueIdentifier>
    </Filter>
  </ItemGroup>
  <ItemGroup>
    <ClInclude Include="pch.h">
      <Filter>Header Files</Filter>
    </ClInclude>
    <ClInclude Include="CApp.h">
      <Filter>Header Files</Filter>
    </ClInclude>
    <ClInclude Include="CRenderer.h">
      <Filter>Header Files</Filter>
    </ClInclude>
    <ClInclude Include="CLog.h">
      <Filter>Header Files</Filter>
    </ClInclude>
    <ClInclude Include="COpengl.h">
      <Filter>Header Files</Filter>
    </ClInclude>
    <ClInclude Include="CEvent.h">
      <Filter>Header Files</Filter>
    </ClInclude>
    <ClInclude Include="CObject2D.h">
      <Filter>Header Files\Objects 2D</Filter>
    </ClInclude>
    <ClInclude Include="CButton.h">
      <Filter>Header Files\Objects 2D</Filter>
    </ClInclude>
    <ClInclude Include="CObject3D.h">
      <Filter>Header Files\Objects 3D</Filter>
    </ClInclude>
    <ClInclude Include="CBaseComponent.h">
      <Filter>Header Files\Objects 3D\Components</Filter>
    </ClInclude>
    <ClInclude Include="CStaticMeshComponent.h">
      <Filter>Header Files\Objects 3D\Components</Filter>
    </ClInclude>
    <ClInclude Include="CLabel.h">
      <Filter>Header Files\Objects 2D</Filter>
    </ClInclude>
    <ClInclude Include="CImage.h">
      <Filter>Header Files\Objects 2D</Filter>
    </ClInclude>
    <ClInclude Include="CCameraComponent.h">
      <Filter>Header Files\Objects 3D\Components</Filter>
    </ClInclude>
    <ClInclude Include="Shaders.h">
      <Filter>Header Files</Filter>
    </ClInclude>
    <ClInclude Include="CLightComponent.h">
      <Filter>Header Files\Objects 3D\Components</Filter>
    </ClInclude>
    <ClInclude Include="CMovementComponent.h">
      <Filter>Header Files\Objects 3D\Components</Filter>
    </ClInclude>
    <ClInclude Include="CContainer.h">
      <Filter>Header Files\Objects 2D</Filter>
    </ClInclude>
    <ClInclude Include="CGameplay.h">
      <Filter>Header Files</Filter>
    </ClInclude>
    <ClInclude Include="IDraw.h">
      <Filter>Header Files\Objects 3D\Components</Filter>
    </ClInclude>
    <ClInclude Include="CScene.h">
      <Filter>Header Files</Filter>
    </ClInclude>
    <ClInclude Include="CLayout.h">
      <Filter>Header Files</Filter>
    </ClInclude>
    <ClInclude Include="Shared.h">
      <Filter>Header Files</Filter>
    </ClInclude>
    <ClInclude Include="Primitives.h">
      <Filter>Header Files</Filter>
    </ClInclude>
    <ClInclude Include="CInitialSetup.h">
      <Filter>Header Files</Filter>
    </ClInclude>
    <ClInclude Include="CConsole.h">
      <Filter>Header Files</Filter>
    </ClInclude>
    <ClInclude Include="CVar.h">
      <Filter>Header Files</Filter>
    </ClInclude>
    <ClInclude Include="CSpriteComponent.h">
      <Filter>Header Files\Objects 3D\Components</Filter>
    </ClInclude>
    <ClInclude Include="CFontManager.h">
      <Filter>Header Files\AssetManagers</Filter>
    </ClInclude>
    <ClInclude Include="CModelManager.h">
      <Filter>Header Files\AssetManagers</Filter>
    </ClInclude>
    <ClInclude Include="CTextureManager.h">
      <Filter>Header Files\AssetManagers</Filter>
    </ClInclude>
    <ClInclude Include="CMaterialManager.h">
      <Filter>Header Files\AssetManagers</Filter>
    </ClInclude>
    <ClInclude Include="CTextBox.h">
      <Filter>Header Files\Objects 2D</Filter>
    </ClInclude>
    <ClInclude Include="CListBox.h">
      <Filter>Header Files\Objects 2D</Filter>
    </ClInclude>
    <ClInclude Include="CGameplayManager.h">
      <Filter>Header Files\AssetManagers</Filter>
    </ClInclude>
    <ClInclude Include="CLayoutManager.h">
      <Filter>Header Files\AssetManagers</Filter>
    </ClInclude>
    <ClInclude Include="CKeyboardConf.h">
      <Filter>Header Files\AssetManagers</Filter>
    </ClInclude>
    <ClInclude Include="CSceneManager.h">
      <Filter>Header Files\AssetManagers</Filter>
    </ClInclude>
  </ItemGroup>
  <ItemGroup>
    <ClCompile Include="pch.cpp">
      <Filter>Source Files</Filter>
    </ClCompile>
    <ClCompile Include="SDLUITest.cpp">
      <Filter>Source Files</Filter>
    </ClCompile>
    <ClCompile Include="CApp.cpp">
      <Filter>Source Files</Filter>
    </ClCompile>
    <ClCompile Include="CRenderer.cpp">
      <Filter>Source Files</Filter>
    </ClCompile>
    <ClCompile Include="CLog.cpp">
      <Filter>Source Files</Filter>
    </ClCompile>
    <ClCompile Include="COpengl.cpp">
      <Filter>Source Files</Filter>
    </ClCompile>
    <ClCompile Include="CEvent.cpp">
      <Filter>Source Files</Filter>
    </ClCompile>
    <ClCompile Include="CObject2D.cpp">
      <Filter>Source Files\Objects 2D</Filter>
    </ClCompile>
    <ClCompile Include="CButton.cpp">
      <Filter>Source Files\Objects 2D</Filter>
    </ClCompile>
    <ClCompile Include="CObject3D.cpp">
      <Filter>Source Files\Objects 3D</Filter>
    </ClCompile>
    <ClCompile Include="CBaseComponent.cpp">
      <Filter>Source Files\Objects 3D\Components</Filter>
    </ClCompile>
    <ClCompile Include="CStaticMeshComponent.cpp">
      <Filter>Source Files\Objects 3D\Components</Filter>
    </ClCompile>
    <ClCompile Include="CLabel.cpp">
      <Filter>Source Files\Objects 2D</Filter>
    </ClCompile>
    <ClCompile Include="CImage.cpp">
      <Filter>Source Files\Objects 2D</Filter>
    </ClCompile>
    <ClCompile Include="CCameraComponent.cpp">
      <Filter>Source Files\Objects 3D\Components</Filter>
    </ClCompile>
    <ClCompile Include="Shaders.cpp">
      <Filter>Source Files</Filter>
    </ClCompile>
    <ClCompile Include="CLightComponent.cpp">
      <Filter>Source Files\Objects 3D\Components</Filter>
    </ClCompile>
    <ClCompile Include="CMovementComponent.cpp">
      <Filter>Source Files\Objects 3D\Components</Filter>
    </ClCompile>
    <ClCompile Include="CContainer.cpp">
      <Filter>Source Files\Objects 2D</Filter>
    </ClCompile>
    <ClCompile Include="CGameplay.cpp">
      <Filter>Source Files</Filter>
    </ClCompile>
    <ClCompile Include="CScene.cpp">
      <Filter>Source Files</Filter>
    </ClCompile>
    <ClCompile Include="CLayout.cpp">
      <Filter>Source Files</Filter>
    </ClCompile>
    <ClCompile Include="CInitialSetup.cpp">
      <Filter>Source Files</Filter>
    </ClCompile>
    <ClCompile Include="CConsole.cpp">
      <Filter>Source Files</Filter>
    </ClCompile>
    <ClCompile Include="CVar.cpp">
      <Filter>Source Files</Filter>
    </ClCompile>
    <ClCompile Include="CSpriteComponent.cpp">
      <Filter>Source Files\Objects 3D\Components</Filter>
    </ClCompile>
    <ClCompile Include="CFontManager.cpp">
      <Filter>Source Files\AssetManagers</Filter>
    </ClCompile>
    <ClCompile Include="CModelManager.cpp">
      <Filter>Source Files\AssetManagers</Filter>
    </ClCompile>
    <ClCompile Include="CTextureManager.cpp">
      <Filter>Source Files\AssetManagers</Filter>
    </ClCompile>
    <ClCompile Include="CMaterialManager.cpp">
      <Filter>Source Files\AssetManagers</Filter>
    </ClCompile>
    <ClCompile Include="CTextBox.cpp">
      <Filter>Source Files\Objects 2D</Filter>
    </ClCompile>
    <ClCompile Include="CListBox.cpp">
      <Filter>Source Files\Objects 2D</Filter>
    </ClCompile>
    <ClCompile Include="CGameplayManager.cpp">
      <Filter>Source Files\AssetManagers</Filter>
    </ClCompile>
    <ClCompile Include="CLayoutManager.cpp">
      <Filter>Source Files\AssetManagers</Filter>
    </ClCompile>
    <ClCompile Include="CSceneManager.cpp">
      <Filter>Source Files\AssetManagers</Filter>
    </ClCompile>
    <ClCompile Include="CKeyboardConf.cpp">
      <Filter>Source Files\AssetManagers</Filter>
    </ClCompile>
  </ItemGroup>
  <ItemGroup>
    <None Include="Assets\Shaders\final.frag">
      <Filter>_Shaders</Filter>
    </None>
    <None Include="Assets\Shaders\final.vert">
      <Filter>_Shaders</Filter>
    </None>
    <None Include="Assets\Shaders\Gui.frag">
      <Filter>_Shaders</Filter>
    </None>
    <None Include="Assets\Shaders\Gui.vert">
      <Filter>_Shaders</Filter>
    </None>
    <None Include="Assets\Shaders\Scene.frag">
      <Filter>_Shaders</Filter>
    </None>
    <None Include="Assets\Shaders\Scene.vert">
      <Filter>_Shaders</Filter>
    </None>
    <None Include="Assets\Shaders\Shadows.frag">
      <Filter>_Shaders</Filter>
    </None>
    <None Include="Assets\Shaders\Shadows.vert">
      <Filter>_Shaders</Filter>
    </None>
    <None Include="Assets\Shaders\PointShad.frag">
      <Filter>_Shaders</Filter>
    </None>
    <None Include="Assets\Shaders\PointShad.vert">
      <Filter>_Shaders</Filter>
    </None>
    <None Include="Assets\Shaders\PointShad.geom">
      <Filter>_Shaders</Filter>
    </None>
    <None Include="Assets\Shaders\DebugLights.frag">
      <Filter>_Shaders</Filter>
    </None>
    <None Include="Assets\Shaders\DebugLights.vert">
      <Filter>_Shaders</Filter>
    </None>
    <None Include="Assets\Shaders\BaseMap.frag">
      <Filter>_Shaders</Filter>
    </None>
    <None Include="Assets\Shaders\BaseMap.vert">
      <Filter>_Shaders</Filter>
    </None>
    <None Include="Assets\Shaders\gles\DebugLightse.frag">
      <Filter>_Shaders\GLES</Filter>
    </None>
    <None Include="Assets\Shaders\gles\DebugLightse.vert">
      <Filter>_Shaders\GLES</Filter>
    </None>
    <None Include="Assets\Shaders\gles\finale.frag">
      <Filter>_Shaders\GLES</Filter>
    </None>
    <None Include="Assets\Shaders\gles\finale.vert">
      <Filter>_Shaders\GLES</Filter>
    </None>
    <None Include="Assets\Shaders\gles\Guie.frag">
      <Filter>_Shaders\GLES</Filter>
    </None>
    <None Include="Assets\Shaders\gles\Guie.vert">
      <Filter>_Shaders\GLES</Filter>
    </None>
    <None Include="Assets\Shaders\gles\PointShade.frag">
      <Filter>_Shaders\GLES</Filter>
    </None>
    <None Include="Assets\Shaders\gles\PointShade.geom">
      <Filter>_Shaders\GLES</Filter>
    </None>
    <None Include="Assets\Shaders\gles\PointShade.vert">
      <Filter>_Shaders\GLES</Filter>
    </None>
    <None Include="Assets\Shaders\gles\Scenee.frag">
      <Filter>_Shaders\GLES</Filter>
    </None>
    <None Include="Assets\Shaders\gles\Scenee.vert">
      <Filter>_Shaders\GLES</Filter>
    </None>
    <None Include="Assets\Shaders\gles\Shadowse.frag">
      <Filter>_Shaders\GLES</Filter>
    </None>
    <None Include="Assets\Shaders\gles\Shadowse.vert">
      <Filter>_Shaders\GLES</Filter>
    </None>
    <None Include="Assets\Shaders\LightPass.vert">
      <Filter>_Shaders</Filter>
    </None>
    <None Include="Assets\Shaders\LightPass.frag">
      <Filter>_Shaders</Filter>
    </None>
    <None Include="Assets\Shaders\Label.frag">
      <Filter>_Shaders</Filter>
    </None>
    <None Include="Assets\Shaders\Label.vert">
      <Filter>_Shaders</Filter>
    </None>
  </ItemGroup>
</Project>